
Microsoft Visual Studio Solution File, Format Version 12.00
# Visual Studio Version 17
VisualStudioVersion = 17.1.32210.238
MinimumVisualStudioVersion = 10.0.40219.1
Project("{FAE04EC0-301F-11D3-BF4B-00C04F79EFBC}") = "creditcardapplication", "creditcardapplication\creditcardapplication.csproj", "{49D6C15A-3935-4562-B8F1-49A98C5A501E}"
EndProject
Project("{2150E333-8FDC-42A3-9474-1A3956D46DE8}") = "Solution Items", "Solution Items", "{C697A2B6-9BBC-4F2F-ABA2-22A2A7BAF04A}"
	ProjectSection(SolutionItems) = preProject
		.editorconfig = .editorconfig
	EndProjectSection
EndProject
Global
	GlobalSection(SolutionConfigurationPlatforms) = preSolution
		Debug|Any CPU = Debug|Any CPU
		Release|Any CPU = Release|Any CPU
	EndGlobalSection
	GlobalSection(ProjectConfigurationPlatforms) = postSolution
		{49D6C15A-3935-4562-B8F1-49A98C5A501E}.Debug|Any CPU.ActiveCfg = Debug|Any CPU
		{49D6C15A-3935-4562-B8F1-49A98C5A501E}.Debug|Any CPU.Build.0 = Debug|Any CPU
		{49D6C15A-3935-4562-B8F1-49A98C5A501E}.Release|Any CPU.ActiveCfg = Release|Any CPU
		{49D6C15A-3935-4562-B8F1-49A98C5A501E}.Release|Any CPU.Build.0 = Release|Any CPU
	EndGlobalSection
	GlobalSection(SolutionProperties) = preSolution
		HideSolutionNode = FALSE
	EndGlobalSection
	GlobalSection(ExtensibilityGlobals) = postSolution
		SolutionGuid = {F608FF85-1011-4C9C-BE42-5E9FA97F5D55}
	EndGlobalSection
EndGlobal
